
Microsoft Visual Studio Solution File, Format Version 12.00
# Visual Studio Version 17
VisualStudioVersion = 17.9.34728.123
MinimumVisualStudioVersion = 10.0.40219.1
Project("{F184B08F-C81C-45F6-A57F-5ABD9991F28F}") = "Task03", "Task03.vbproj", "{6958CC93-0D6B-4FC0-A4DA-56CB9EFDD304}"
EndProject
Global
	GlobalSection(SolutionConfigurationPlatforms) = preSolution
		Debug|Any CPU = Debug|Any CPU
		Release|Any CPU = Release|Any CPU
	EndGlobalSection
	GlobalSection(ProjectConfigurationPlatforms) = postSolution
		{6958CC93-0D6B-4FC0-A4DA-56CB9EFDD304}.Debug|Any CPU.ActiveCfg = Debug|Any CPU
		{6958CC93-0D6B-4FC0-A4DA-56CB9EFDD304}.Debug|Any CPU.Build.0 = Debug|Any CPU
		{6958CC93-0D6B-4FC0-A4DA-56CB9EFDD304}.Release|Any CPU.ActiveCfg = Release|Any CPU
		{6958CC93-0D6B-4FC0-A4DA-56CB9EFDD304}.Release|Any CPU.Build.0 = Release|Any CPU
	EndGlobalSection
	GlobalSection(SolutionProperties) = preSolution
		HideSolutionNode = FALSE
	EndGlobalSection
	GlobalSection(ExtensibilityGlobals) = postSolution
		SolutionGuid = {F0D63022-DB62-4DAD-9CF6-242FA23E7334}
	EndGlobalSection
EndGlobal
